<?xml version="1.0" encoding="utf-8"?>
<Project ToolsVersion="4.0" xmlns="http://schemas.microsoft.com/developer/msbuild/2003">
  <ItemGroup>
    <Filter Include="Source">
      <UniqueIdentifier>{31300e7d-855d-4b06-9a86-9a4c22657e05}</UniqueIdentifier>
    </Filter>
    <Filter Include="Source\Game">
      <UniqueIdentifier>{3b92effd-6289-42e9-8a46-c235e41d7504}</UniqueIdentifier>
    </Filter>
    <Filter Include="Source\Level">
      <UniqueIdentifier>{267ba8d4-7683-42d6-a37f-086b3ca5c660}</UniqueIdentifier>
    </Filter>
    <Filter Include="Source\Game\Weapon">
      <UniqueIdentifier>{f97e86df-7b4b-4f99-a2a3-5b6f2c1700d8}</UniqueIdentifier>
    </Filter>
    <Filter Include="Source\Game\Item">
      <UniqueIdentifier>{f7b17ccf-1125-47db-9c38-5675aac487fc}</UniqueIdentifier>
    </Filter>
    <Filter Include="Source\Graphic">
      <UniqueIdentifier>{b1f34753-42b6-46e8-9f75-0de93d91ec6a}</UniqueIdentifier>
    </Filter>
    <Filter Include="Source\Graphic\Special">
      <UniqueIdentifier>{e49b4ad6-0c50-4267-b06a-0af3645cab71}</UniqueIdentifier>
    </Filter>
    <Filter Include="Source\Logic">
      <UniqueIdentifier>{4fe6ecff-f72f-48af-84e1-6f38ddf01829}</UniqueIdentifier>
    </Filter>
  </ItemGroup>
  <ItemGroup>
    <ClCompile Include="src\3dMath.cpp">
      <Filter>Source</Filter>
    </ClCompile>
    <ClCompile Include="src\gui.cpp">
      <Filter>Source</Filter>
    </ClCompile>
    <ClCompile Include="src\inifile.cpp">
      <Filter>Source</Filter>
    </ClCompile>
    <ClCompile Include="src\Log.cpp">
      <Filter>Source</Filter>
    </ClCompile>
    <ClCompile Include="src\main.cpp">
      <Filter>Source</Filter>
    </ClCompile>
    <ClCompile Include="src\Timer.cpp">
      <Filter>Source</Filter>
    </ClCompile>
    <ClCompile Include="src\StrEx.cpp">
      <Filter>Source</Filter>
    </ClCompile>
    <ClCompile Include="src\Game.cpp">
      <Filter>Source\Game</Filter>
    </ClCompile>
    <ClCompile Include="src\Level.cpp">
      <Filter>Source\Level</Filter>
    </ClCompile>
    <ClCompile Include="src\GameActorStats.cpp">
      <Filter>Source\Game</Filter>
    </ClCompile>
    <ClCompile Include="src\GameActor.cpp">
      <Filter>Source\Game</Filter>
    </ClCompile>
    <ClCompile Include="src\GamePlayer.cpp">
      <Filter>Source\Game</Filter>
    </ClCompile>
    <ClCompile Include="src\GameEnemy.cpp">
      <Filter>Source\Game</Filter>
    </ClCompile>
    <ClCompile Include="src\GameStaticObject.cpp">
      <Filter>Source\Game</Filter>
    </ClCompile>
    <ClCompile Include="src\Weapon.cpp">
      <Filter>Source\Game\Weapon</Filter>
    </ClCompile>
    <ClCompile Include="src\WeaponBullet.cpp">
      <Filter>Source\Game\Weapon</Filter>
    </ClCompile>
    <ClCompile Include="src\WeaponBulletSaw.cpp">
      <Filter>Source\Game\Weapon</Filter>
    </ClCompile>
    <ClCompile Include="src\WeaponBulletRay.cpp">
      <Filter>Source\Game\Weapon</Filter>
    </ClCompile>
    <ClCompile Include="src\WeaponBulletRocket.cpp">
      <Filter>Source\Game\Weapon</Filter>
    </ClCompile>
    <ClCompile Include="src\WeaponBulletExplosion.cpp">
      <Filter>Source\Game\Weapon</Filter>
    </ClCompile>
    <ClCompile Include="src\WeaponBulletBomb.cpp">
      <Filter>Source\Game\Weapon</Filter>
    </ClCompile>
    <ClCompile Include="src\WeaponBulletManager.cpp">
      <Filter>Source\Game\Weapon</Filter>
    </ClCompile>
    <ClCompile Include="src\Item.cpp">
      <Filter>Source\Game\Item</Filter>
    </ClCompile>
    <ClCompile Include="src\ItemAmmo.cpp">
      <Filter>Source\Game\Item</Filter>
    </ClCompile>
    <ClCompile Include="src\ItemHealth.cpp">
      <Filter>Source\Game\Item</Filter>
    </ClCompile>
    <ClCompile Include="src\ItemArmor.cpp">
      <Filter>Source\Game\Item</Filter>
    </ClCompile>
    <ClCompile Include="src\ItemManager.cpp">
      <Filter>Source\Game\Item</Filter>
    </ClCompile>
    <ClCompile Include="src\Render.cpp">
      <Filter>Source\Graphic</Filter>
    </ClCompile>
    <ClCompile Include="src\Texture.cpp">
      <Filter>Source\Graphic</Filter>
    </ClCompile>
    <ClCompile Include="src\glm.cpp">
      <Filter>Source\Graphic</Filter>
    </ClCompile>
    <ClCompile Include="src\ModelManager.cpp">
      <Filter>Source\Graphic</Filter>
    </ClCompile>
    <ClCompile Include="src\LevelBlock.cpp">
      <Filter>Source\Level</Filter>
    </ClCompile>
    <ClCompile Include="src\Special.cpp">
      <Filter>Source\Graphic\Special</Filter>
    </ClCompile>
    <ClCompile Include="src\EffectRay.cpp">
      <Filter>Source\Graphic\Special</Filter>
    </ClCompile>
    <ClCompile Include="src\EffectExplosion.cpp">
      <Filter>Source\Graphic\Special</Filter>
    </ClCompile>
    <ClCompile Include="src\EffectSprite.cpp">
      <Filter>Source\Graphic\Special</Filter>
    </ClCompile>
    <ClCompile Include="src\Effect.cpp">
      <Filter>Source\Graphic\Special</Filter>
    </ClCompile>
    <ClCompile Include="src\Renderable.cpp">
      <Filter>Source\Graphic</Filter>
    </ClCompile>
    <ClCompile Include="src\RenderList.cpp">
      <Filter>Source\Graphic</Filter>
    </ClCompile>
    <ClCompile Include="src\LevelFlags.cpp">
      <Filter>Source\Level</Filter>
    </ClCompile>
    <ClCompile Include="src\ItemWeapon.cpp">
      <Filter>Source\Game\Item</Filter>
    </ClCompile>
    <ClCompile Include="src\CollisionManager.cpp">
      <Filter>Source\Logic</Filter>
    </ClCompile>
    <ClCompile Include="src\CollisionFace.cpp">
      <Filter>Source\Logic</Filter>
    </ClCompile>
  </ItemGroup>
  <ItemGroup>
    <ClInclude Include="src\3dMath.h">
      <Filter>Source</Filter>
    </ClInclude>
    <ClInclude Include="src\defines.h">
      <Filter>Source</Filter>
    </ClInclude>
    <ClInclude Include="src\gui.h">
      <Filter>Source</Filter>
    </ClInclude>
    <ClInclude Include="src\inifile.h">
      <Filter>Source</Filter>
    </ClInclude>
    <ClInclude Include="src\Log.h">
      <Filter>Source</Filter>
    </ClInclude>
    <ClInclude Include="src\main.h">
      <Filter>Source</Filter>
    </ClInclude>
    <ClInclude Include="src\Timer.h">
      <Filter>Source</Filter>
    </ClInclude>
    <ClInclude Include="src\StrEx.h">
      <Filter>Source</Filter>
    </ClInclude>
    <ClInclude Include="src\Game.h">
      <Filter>Source\Game</Filter>
    </ClInclude>
    <ClInclude Include="src\GameActor.h">
      <Filter>Source\Game</Filter>
    </ClInclude>
    <ClInclude Include="src\GamePlayer.h">
      <Filter>Source\Game</Filter>
    </ClInclude>
    <ClInclude Include="src\GameEnemy.h">
      <Filter>Source\Game</Filter>
    </ClInclude>
    <ClInclude Include="src\Level.h">
      <Filter>Source\Level</Filter>
    </ClInclude>
    <ClInclude Include="src\GameStaticObject.h">
      <Filter>Source\Game</Filter>
    </ClInclude>
    <ClInclude Include="src\Weapon.h">
      <Filter>Source\Game\Weapon</Filter>
    </ClInclude>
    <ClInclude Include="src\WeaponBullet.h">
      <Filter>Source\Game\Weapon</Filter>
    </ClInclude>
    <ClInclude Include="src\WeaponBulletSaw.h">
      <Filter>Source\Game\Weapon</Filter>
    </ClInclude>
    <ClInclude Include="src\WeaponBulletRay.h">
      <Filter>Source\Game\Weapon</Filter>
    </ClInclude>
    <ClInclude Include="src\WeaponBulletRocket.h">
      <Filter>Source\Game\Weapon</Filter>
    </ClInclude>
    <ClInclude Include="src\WeaponBulletExplosion.h">
      <Filter>Source\Game\Weapon</Filter>
    </ClInclude>
    <ClInclude Include="src\WeaponBulletBomb.h">
      <Filter>Source\Game\Weapon</Filter>
    </ClInclude>
    <ClInclude Include="src\WeaponBulletManager.h">
      <Filter>Source\Game\Weapon</Filter>
    </ClInclude>
    <ClInclude Include="src\Item.h">
      <Filter>Source\Game\Item</Filter>
    </ClInclude>
    <ClInclude Include="src\ItemAmmo.h">
      <Filter>Source\Game\Item</Filter>
    </ClInclude>
    <ClInclude Include="src\ItemHealth.h">
      <Filter>Source\Game\Item</Filter>
    </ClInclude>
    <ClInclude Include="src\ItemArmor.h">
      <Filter>Source\Game\Item</Filter>
    </ClInclude>
    <ClInclude Include="src\ItemManager.h">
      <Filter>Source\Game\Item</Filter>
    </ClInclude>
    <ClInclude Include="src\Render.h">
      <Filter>Source\Graphic</Filter>
    </ClInclude>
    <ClInclude Include="src\Texture.h">
      <Filter>Source\Graphic</Filter>
    </ClInclude>
    <ClInclude Include="src\glm.h">
      <Filter>Source\Graphic</Filter>
    </ClInclude>
    <ClInclude Include="src\ModelManager.h">
      <Filter>Source\Graphic</Filter>
    </ClInclude>
    <ClInclude Include="src\Special.h">
      <Filter>Source\Graphic\Special</Filter>
    </ClInclude>
    <ClInclude Include="src\Effect.h">
      <Filter>Source\Graphic\Special</Filter>
    </ClInclude>
    <ClInclude Include="src\ItemWeapon.h">
      <Filter>Source\Game\Item</Filter>
    </ClInclude>
    <ClInclude Include="src\Renderable.h">
      <Filter>Source\Graphic</Filter>
    </ClInclude>
    <ClInclude Include="src\RenderList.h">
      <Filter>Source\Graphic</Filter>
    </ClInclude>
    <ClInclude Include="src\GameEntity.h">
      <Filter>Source\Game</Filter>
    </ClInclude>
    <ClInclude Include="src\CollisionManager.h">
      <Filter>Source\Logic</Filter>
    </ClInclude>
    <ClInclude Include="src\CollisionFace.h">
      <Filter>Source\Logic</Filter>
    </ClInclude>
  </ItemGroup>
</Project>