<?xml version="1.0" encoding="utf-8"?>
<Project ToolsVersion="4.0" xmlns="http://schemas.microsoft.com/developer/msbuild/2003">
  <ItemGroup>
    <Filter Include="Source Files">
      <UniqueIdentifier>{4FC737F1-C7A5-4376-A066-2A32D752A2FF}</UniqueIdentifier>
      <Extensions>cpp;c;cc;cxx;c++;cppm;ixx;def;odl;idl;hpj;bat;asm;asmx</Extensions>
    </Filter>
    <Filter Include="Resource Files">
      <UniqueIdentifier>{67DA6AB6-F800-4c08-8B7A-83BB121AAD01}</UniqueIdentifier>
      <Extensions>rc;ico;cur;bmp;dlg;rc2;rct;bin;rgs;gif;jpg;jpeg;jpe;resx;tiff;tif;png;wav;mfcribbon-ms</Extensions>
    </Filter>
    <Filter Include="Source Files\Core">
      <UniqueIdentifier>{f06d084f-88cd-4852-aeee-ba0b869c5015}</UniqueIdentifier>
    </Filter>
    <Filter Include="Source Files\Graphics">
      <UniqueIdentifier>{98b8e994-53a3-4eb6-99b2-3f4c27f6b809}</UniqueIdentifier>
    </Filter>
    <Filter Include="Source Files\GUI">
      <UniqueIdentifier>{31264a73-6434-4f10-ae66-17ad8065bd2d}</UniqueIdentifier>
    </Filter>
    <Filter Include="Source Files\Events">
      <UniqueIdentifier>{98edeff7-434e-4789-a5b4-11c31d58c39a}</UniqueIdentifier>
    </Filter>
    <Filter Include="Source Files\GUI\elements">
      <UniqueIdentifier>{8151d223-fc1a-4b1a-ba90-440defa114f0}</UniqueIdentifier>
    </Filter>
    <Filter Include="Source Files\Logic">
      <UniqueIdentifier>{27d1dc3a-791a-4631-8a04-7ede23bb5ced}</UniqueIdentifier>
    </Filter>
  </ItemGroup>
  <ItemGroup>
    <ClCompile Include="src\3dMath.cpp">
      <Filter>Source Files\Core</Filter>
    </ClCompile>
    <ClCompile Include="src\StrEx.cpp">
      <Filter>Source Files\Core</Filter>
    </ClCompile>
    <ClCompile Include="src\core_FileParser.cpp">
      <Filter>Source Files\Core</Filter>
    </ClCompile>
    <ClCompile Include="src\core_object.cpp">
      <Filter>Source Files\Core</Filter>
    </ClCompile>
    <ClCompile Include="src\gfx_Mesh.cpp">
      <Filter>Source Files\Graphics</Filter>
    </ClCompile>
    <ClCompile Include="src\gfx_MeshFuncs.cpp">
      <Filter>Source Files\Graphics</Filter>
    </ClCompile>
    <ClCompile Include="src\gfx_Model.cpp">
      <Filter>Source Files\Graphics</Filter>
    </ClCompile>
    <ClCompile Include="src\gfx_Texture.cpp">
      <Filter>Source Files\Graphics</Filter>
    </ClCompile>
    <ClCompile Include="src\gfx_TextureRepository.cpp">
      <Filter>Source Files\Graphics</Filter>
    </ClCompile>
    <ClCompile Include="src\gui.cpp">
      <Filter>Source Files\GUI</Filter>
    </ClCompile>
    <ClCompile Include="src\GUIConsole.cpp">
      <Filter>Source Files\GUI</Filter>
    </ClCompile>
    <ClCompile Include="src\gui_Menu.cpp">
      <Filter>Source Files\GUI</Filter>
    </ClCompile>
    <ClCompile Include="src\gui_MenuItem.cpp">
      <Filter>Source Files\GUI</Filter>
    </ClCompile>
    <ClCompile Include="src\gui_MainMenu.cpp">
      <Filter>Source Files\GUI</Filter>
    </ClCompile>
    <ClCompile Include="src\gui_Screen.cpp">
      <Filter>Source Files\GUI</Filter>
    </ClCompile>
    <ClCompile Include="src\gui_ValueSync.cpp">
      <Filter>Source Files\GUI</Filter>
    </ClCompile>
    <ClCompile Include="src\event_Manager.cpp">
      <Filter>Source Files\Events</Filter>
    </ClCompile>
    <ClCompile Include="src\event_Event.cpp">
      <Filter>Source Files\Events</Filter>
    </ClCompile>
    <ClCompile Include="src\event_Mapper.cpp">
      <Filter>Source Files\Events</Filter>
    </ClCompile>
    <ClCompile Include="src\event_InputMapper.cpp">
      <Filter>Source Files\Events</Filter>
    </ClCompile>
    <ClCompile Include="src\GUIMesh.cpp">
      <Filter>Source Files\GUI</Filter>
    </ClCompile>
    <ClCompile Include="src\GUIRenderContext.cpp">
      <Filter>Source Files\GUI</Filter>
    </ClCompile>
    <ClCompile Include="src\GUITextPrinter.cpp">
      <Filter>Source Files\GUI</Filter>
    </ClCompile>
    <ClCompile Include="src\core_FontInfo.cpp">
      <Filter>Source Files\Core</Filter>
    </ClCompile>
    <ClCompile Include="src\gui_ContainerElement.cpp">
      <Filter>Source Files\GUI\elements</Filter>
    </ClCompile>
    <ClCompile Include="src\gui_Element.cpp">
      <Filter>Source Files\GUI\elements</Filter>
    </ClCompile>
    <ClCompile Include="src\gui_StackElement.cpp">
      <Filter>Source Files\GUI\elements</Filter>
    </ClCompile>
    <ClCompile Include="src\gui_TextElement.cpp">
      <Filter>Source Files\GUI\elements</Filter>
    </ClCompile>
    <ClCompile Include="src\gui_Container.cpp">
      <Filter>Source Files\GUI\elements</Filter>
    </ClCompile>
    <ClCompile Include="src\core_Transformer.cpp">
      <Filter>Source Files\Core</Filter>
    </ClCompile>
    <ClCompile Include="src\core_LineParser.cpp">
      <Filter>Source Files\Core</Filter>
    </ClCompile>
    <ClCompile Include="src\logic_ScriptParser.cpp">
      <Filter>Source Files\Logic</Filter>
    </ClCompile>
    <ClCompile Include="src\core_StrArgList.cpp">
      <Filter>Source Files\Core</Filter>
    </ClCompile>
    <ClCompile Include="src\core_Files.cpp">
      <Filter>Source Files\Core</Filter>
    </ClCompile>
    <ClCompile Include="src\core_IniFile.cpp">
      <Filter>Source Files\Core</Filter>
    </ClCompile>
    <ClCompile Include="src\gfx_Material.cpp">
      <Filter>Source Files\Graphics</Filter>
    </ClCompile>
    <ClCompile Include="src\gfx_Frame.cpp">
      <Filter>Source Files\Graphics</Filter>
    </ClCompile>
    <ClCompile Include="src\gfx_RenderSystem.cpp">
      <Filter>Source Files\Graphics</Filter>
    </ClCompile>
    <ClCompile Include="src\logic_SceneNode.cpp">
      <Filter>Source Files\Logic</Filter>
    </ClCompile>
    <ClCompile Include="src\logic_Scene.cpp">
      <Filter>Source Files\Logic</Filter>
    </ClCompile>
    <ClCompile Include="src\gfx_MatrixStack.cpp">
      <Filter>Source Files\Graphics</Filter>
    </ClCompile>
    <ClCompile Include="src\gfx_BufferedMesh.cpp">
      <Filter>Source Files\Graphics</Filter>
    </ClCompile>
    <ClCompile Include="src\core_Id.cpp">
      <Filter>Source Files\Core</Filter>
    </ClCompile>
    <ClCompile Include="src\gui_ButtonElement.cpp">
      <Filter>Source Files\GUI\elements</Filter>
    </ClCompile>
  </ItemGroup>
  <ItemGroup>
    <ClInclude Include="src\3dMath.h">
      <Filter>Source Files\Core</Filter>
    </ClInclude>
    <ClInclude Include="src\StrEx.h">
      <Filter>Source Files\Core</Filter>
    </ClInclude>
    <ClInclude Include="src\core_FileParser.h">
      <Filter>Source Files\Core</Filter>
    </ClInclude>
    <ClInclude Include="src\core_object.h">
      <Filter>Source Files\Core</Filter>
    </ClInclude>
    <ClInclude Include="src\gfx_Mesh.h">
      <Filter>Source Files\Graphics</Filter>
    </ClInclude>
    <ClInclude Include="src\gfx_MeshFuncs.h">
      <Filter>Source Files\Graphics</Filter>
    </ClInclude>
    <ClInclude Include="src\gfx_MeshVertex.h">
      <Filter>Source Files\Graphics</Filter>
    </ClInclude>
    <ClInclude Include="src\gfx_Model.h">
      <Filter>Source Files\Graphics</Filter>
    </ClInclude>
    <ClInclude Include="src\gfx_Texture.h">
      <Filter>Source Files\Graphics</Filter>
    </ClInclude>
    <ClInclude Include="src\gfx_TextureRepository.h">
      <Filter>Source Files\Graphics</Filter>
    </ClInclude>
    <ClInclude Include="src\gui.h">
      <Filter>Source Files\GUI</Filter>
    </ClInclude>
    <ClInclude Include="src\GUIConsole.h">
      <Filter>Source Files\GUI</Filter>
    </ClInclude>
    <ClInclude Include="src\gui_Menu.h">
      <Filter>Source Files\GUI</Filter>
    </ClInclude>
    <ClInclude Include="src\gui_Screen.h">
      <Filter>Source Files\GUI</Filter>
    </ClInclude>
    <ClInclude Include="src\event_Manager.h">
      <Filter>Source Files\Events</Filter>
    </ClInclude>
    <ClInclude Include="src\event_Event.h">
      <Filter>Source Files\Events</Filter>
    </ClInclude>
    <ClInclude Include="src\event_Observer.h">
      <Filter>Source Files\Events</Filter>
    </ClInclude>
    <ClInclude Include="src\event_Mapper.h">
      <Filter>Source Files\Events</Filter>
    </ClInclude>
    <ClInclude Include="src\event_InputMapper.h">
      <Filter>Source Files\Events</Filter>
    </ClInclude>
    <ClInclude Include="src\GUIVertex.h">
      <Filter>Source Files\GUI</Filter>
    </ClInclude>
    <ClInclude Include="src\GUIMesh.h">
      <Filter>Source Files\GUI</Filter>
    </ClInclude>
    <ClInclude Include="src\GUIRenderContext.h">
      <Filter>Source Files\GUI</Filter>
    </ClInclude>
    <ClInclude Include="src\GUITextPrinter.h">
      <Filter>Source Files\GUI</Filter>
    </ClInclude>
    <ClInclude Include="src\gui_MenuItem.h">
      <Filter>Source Files\GUI</Filter>
    </ClInclude>
    <ClInclude Include="src\gui_MainMenu.h">
      <Filter>Source Files\GUI</Filter>
    </ClInclude>
    <ClInclude Include="src\core_FontInfo.h">
      <Filter>Source Files\Core</Filter>
    </ClInclude>
    <ClInclude Include="src\gui_ValueSync.h">
      <Filter>Source Files\GUI</Filter>
    </ClInclude>
    <ClInclude Include="src\gui_ContainerElement.h">
      <Filter>Source Files\GUI\elements</Filter>
    </ClInclude>
    <ClInclude Include="src\gui_Element.h">
      <Filter>Source Files\GUI\elements</Filter>
    </ClInclude>
    <ClInclude Include="src\gui_StackElement.h">
      <Filter>Source Files\GUI\elements</Filter>
    </ClInclude>
    <ClInclude Include="src\gui_TextElement.h">
      <Filter>Source Files\GUI\elements</Filter>
    </ClInclude>
    <ClInclude Include="src\gui_Container.h">
      <Filter>Source Files\GUI\elements</Filter>
    </ClInclude>
    <ClInclude Include="src\core_Transformer.h">
      <Filter>Source Files\Core</Filter>
    </ClInclude>
    <ClInclude Include="src\core_LineParser.h">
      <Filter>Source Files\Core</Filter>
    </ClInclude>
    <ClInclude Include="src\logic_ScriptParser.h">
      <Filter>Source Files\Logic</Filter>
    </ClInclude>
    <ClInclude Include="src\core_StrArgList.h">
      <Filter>Source Files\Core</Filter>
    </ClInclude>
    <ClInclude Include="src\core_Files.h">
      <Filter>Source Files\Core</Filter>
    </ClInclude>
    <ClInclude Include="src\core_IniFile.h">
      <Filter>Source Files\Core</Filter>
    </ClInclude>
    <ClInclude Include="src\gfx_Frame.h">
      <Filter>Source Files\Graphics</Filter>
    </ClInclude>
    <ClInclude Include="src\gfx_FrameElement.h">
      <Filter>Source Files\Graphics</Filter>
    </ClInclude>
    <ClInclude Include="src\gfx_Material.h">
      <Filter>Source Files\Graphics</Filter>
    </ClInclude>
    <ClInclude Include="src\gfx_RenderSystem.h">
      <Filter>Source Files\Graphics</Filter>
    </ClInclude>
    <ClInclude Include="src\logic_Scene.h">
      <Filter>Source Files\Logic</Filter>
    </ClInclude>
    <ClInclude Include="src\logic_SceneNode.h">
      <Filter>Source Files\Logic</Filter>
    </ClInclude>
    <ClInclude Include="src\gfx_MatrixStack.h">
      <Filter>Source Files\Graphics</Filter>
    </ClInclude>
    <ClInclude Include="src\gfx_BufferedMesh.h">
      <Filter>Source Files\Graphics</Filter>
    </ClInclude>
    <ClInclude Include="src\core_Id.h">
      <Filter>Source Files\Core</Filter>
    </ClInclude>
    <ClInclude Include="src\gui_ButtonElement.h">
      <Filter>Source Files\GUI\elements</Filter>
    </ClInclude>
  </ItemGroup>
</Project>